
Microsoft Visual Studio Solution File, Format Version 12.00
# Visual Studio Version 17
VisualStudioVersion = 17.3.32825.248
MinimumVisualStudioVersion = 10.0.40219.1
Project("{FAE04EC0-301F-11D3-BF4B-00C04F79EFBC}") = "ApiCore", "ApiCore\ApiCore.csproj", "{675A19D0-40DB-4CD1-96CE-6BBF535CF10F}"
EndProject
Project("{FAE04EC0-301F-11D3-BF4B-00C04F79EFBC}") = "BL", "BL\BL.csproj", "{348BCDE2-6CC0-4602-8FE9-90DEF482F363}"
EndProject
Project("{FAE04EC0-301F-11D3-BF4B-00C04F79EFBC}") = "DAL", "DAL\DAL.csproj", "{31C2E0FB-FFC5-4331-9274-3071A4E09D61}"
EndProject
Project("{FAE04EC0-301F-11D3-BF4B-00C04F79EFBC}") = "IObjects", "IObjects\IObjects.csproj", "{BA5D41C7-E2A7-4041-A468-758999F91DE1}"
EndProject
Global
	GlobalSection(SolutionConfigurationPlatforms) = preSolution
		Debug|Any CPU = Debug|Any CPU
		Release|Any CPU = Release|Any CPU
	EndGlobalSection
	GlobalSection(ProjectConfigurationPlatforms) = postSolution
		{675A19D0-40DB-4CD1-96CE-6BBF535CF10F}.Debug|Any CPU.ActiveCfg = Debug|Any CPU
		{675A19D0-40DB-4CD1-96CE-6BBF535CF10F}.Debug|Any CPU.Build.0 = Debug|Any CPU
		{675A19D0-40DB-4CD1-96CE-6BBF535CF10F}.Release|Any CPU.ActiveCfg = Release|Any CPU
		{675A19D0-40DB-4CD1-96CE-6BBF535CF10F}.Release|Any CPU.Build.0 = Release|Any CPU
		{348BCDE2-6CC0-4602-8FE9-90DEF482F363}.Debug|Any CPU.ActiveCfg = Debug|Any CPU
		{348BCDE2-6CC0-4602-8FE9-90DEF482F363}.Debug|Any CPU.Build.0 = Debug|Any CPU
		{348BCDE2-6CC0-4602-8FE9-90DEF482F363}.Release|Any CPU.ActiveCfg = Release|Any CPU
		{348BCDE2-6CC0-4602-8FE9-90DEF482F363}.Release|Any CPU.Build.0 = Release|Any CPU
		{31C2E0FB-FFC5-4331-9274-3071A4E09D61}.Debug|Any CPU.ActiveCfg = Debug|Any CPU
		{31C2E0FB-FFC5-4331-9274-3071A4E09D61}.Debug|Any CPU.Build.0 = Debug|Any CPU
		{31C2E0FB-FFC5-4331-9274-3071A4E09D61}.Release|Any CPU.ActiveCfg = Release|Any CPU
		{31C2E0FB-FFC5-4331-9274-3071A4E09D61}.Release|Any CPU.Build.0 = Release|Any CPU
		{BA5D41C7-E2A7-4041-A468-758999F91DE1}.Debug|Any CPU.ActiveCfg = Debug|Any CPU
		{BA5D41C7-E2A7-4041-A468-758999F91DE1}.Debug|Any CPU.Build.0 = Debug|Any CPU
		{BA5D41C7-E2A7-4041-A468-758999F91DE1}.Release|Any CPU.ActiveCfg = Release|Any CPU
		{BA5D41C7-E2A7-4041-A468-758999F91DE1}.Release|Any CPU.Build.0 = Release|Any CPU
	EndGlobalSection
	GlobalSection(SolutionProperties) = preSolution
		HideSolutionNode = FALSE
	EndGlobalSection
	GlobalSection(ExtensibilityGlobals) = postSolution
		SolutionGuid = {8E36BA6B-3441-4C0C-B28A-BBB8C5C5FB32}
	EndGlobalSection
EndGlobal
